
Microsoft Visual Studio Solution File, Format Version 12.00
Project("{FAE04EC0-301F-11D3-BF4B-00C04F79EFBC}") = "Nexxus.AppHost", "Nexxus.AppHost\Nexxus.AppHost.csproj", "{15CE0DA1-D741-402B-9FD1-F7CAF4DBF6E3}"
EndProject
Project("{2150E333-8FDC-42A3-9474-1A3956D46DE8}") = "System", "System", "{7C58343F-FEF0-40FD-8C8F-8BE83891795C}"
EndProject
Project("{FAE04EC0-301F-11D3-BF4B-00C04F79EFBC}") = "Nexxus.ServiceDefaults", "Nexxus.ServiceDefaults\Nexxus.ServiceDefaults.csproj", "{F6D0F805-668F-41AA-B646-40676EF278A0}"
EndProject
Project("{FAE04EC0-301F-11D3-BF4B-00C04F79EFBC}") = "Persona.API", "Persona.API\Persona.API.csproj", "{F5EF4FC3-15C5-48C4-AD22-16851DA7322F}"
EndProject
Project("{FAE04EC0-301F-11D3-BF4B-00C04F79EFBC}") = "Usuario.API", "Usuario.API\Usuario.API.csproj", "{ED4E7EC6-B605-4EC0-81B1-6464E1C98554}"
EndProject
Project("{FAE04EC0-301F-11D3-BF4B-00C04F79EFBC}") = "Empleado.API", "Empleado.API\Empleado.API.csproj", "{48ABED6D-6590-4B39-9B25-195215578C28}"
EndProject
Global
	GlobalSection(SolutionConfigurationPlatforms) = preSolution
		Debug|Any CPU = Debug|Any CPU
		Release|Any CPU = Release|Any CPU
	EndGlobalSection
	GlobalSection(ProjectConfigurationPlatforms) = postSolution
		{15CE0DA1-D741-402B-9FD1-F7CAF4DBF6E3}.Debug|Any CPU.ActiveCfg = Debug|Any CPU
		{15CE0DA1-D741-402B-9FD1-F7CAF4DBF6E3}.Debug|Any CPU.Build.0 = Debug|Any CPU
		{15CE0DA1-D741-402B-9FD1-F7CAF4DBF6E3}.Release|Any CPU.ActiveCfg = Release|Any CPU
		{15CE0DA1-D741-402B-9FD1-F7CAF4DBF6E3}.Release|Any CPU.Build.0 = Release|Any CPU
		{F6D0F805-668F-41AA-B646-40676EF278A0}.Debug|Any CPU.ActiveCfg = Debug|Any CPU
		{F6D0F805-668F-41AA-B646-40676EF278A0}.Debug|Any CPU.Build.0 = Debug|Any CPU
		{F6D0F805-668F-41AA-B646-40676EF278A0}.Release|Any CPU.ActiveCfg = Release|Any CPU
		{F6D0F805-668F-41AA-B646-40676EF278A0}.Release|Any CPU.Build.0 = Release|Any CPU
		{F5EF4FC3-15C5-48C4-AD22-16851DA7322F}.Debug|Any CPU.ActiveCfg = Debug|Any CPU
		{F5EF4FC3-15C5-48C4-AD22-16851DA7322F}.Debug|Any CPU.Build.0 = Debug|Any CPU
		{F5EF4FC3-15C5-48C4-AD22-16851DA7322F}.Release|Any CPU.ActiveCfg = Release|Any CPU
		{F5EF4FC3-15C5-48C4-AD22-16851DA7322F}.Release|Any CPU.Build.0 = Release|Any CPU
		{ED4E7EC6-B605-4EC0-81B1-6464E1C98554}.Debug|Any CPU.ActiveCfg = Debug|Any CPU
		{ED4E7EC6-B605-4EC0-81B1-6464E1C98554}.Debug|Any CPU.Build.0 = Debug|Any CPU
		{ED4E7EC6-B605-4EC0-81B1-6464E1C98554}.Release|Any CPU.ActiveCfg = Release|Any CPU
		{ED4E7EC6-B605-4EC0-81B1-6464E1C98554}.Release|Any CPU.Build.0 = Release|Any CPU
		{48ABED6D-6590-4B39-9B25-195215578C28}.Debug|Any CPU.ActiveCfg = Debug|Any CPU
		{48ABED6D-6590-4B39-9B25-195215578C28}.Debug|Any CPU.Build.0 = Debug|Any CPU
		{48ABED6D-6590-4B39-9B25-195215578C28}.Release|Any CPU.ActiveCfg = Release|Any CPU
		{48ABED6D-6590-4B39-9B25-195215578C28}.Release|Any CPU.Build.0 = Release|Any CPU
	EndGlobalSection
	GlobalSection(NestedProjects) = preSolution
		{15CE0DA1-D741-402B-9FD1-F7CAF4DBF6E3} = {7C58343F-FEF0-40FD-8C8F-8BE83891795C}
		{F6D0F805-668F-41AA-B646-40676EF278A0} = {7C58343F-FEF0-40FD-8C8F-8BE83891795C}
		{F5EF4FC3-15C5-48C4-AD22-16851DA7322F} = {7C58343F-FEF0-40FD-8C8F-8BE83891795C}
		{ED4E7EC6-B605-4EC0-81B1-6464E1C98554} = {7C58343F-FEF0-40FD-8C8F-8BE83891795C}
		{48ABED6D-6590-4B39-9B25-195215578C28} = {7C58343F-FEF0-40FD-8C8F-8BE83891795C}
	EndGlobalSection
EndGlobal
